// !$*UTF8*$!
{
	archiveVersion = 1;
	classes = {
	};
	objectVersion = 56;
	objects = {

/* Begin PBXBuildFile section */
		E83F418A2B5FFC1300650666 /* Theme.swift in Sources */ = {isa = PBXBuildFile; fileRef = E83F41892B5FFC1300650666 /* Theme.swift */; };
		E83F418C2B5FFC2800650666 /* ThemeManager.swift in Sources */ = {isa = PBXBuildFile; fileRef = E83F418B2B5FFC2800650666 /* ThemeManager.swift */; };
		E83F418F2B5FFC9A00650666 /* NameInputView.swift in Sources */ = {isa = PBXBuildFile; fileRef = E83F418E2B5FFC9A00650666 /* NameInputView.swift */; };
		E83F41912B5FFCBB00650666 /* Extensions.swift in Sources */ = {isa = PBXBuildFile; fileRef = E83F41902B5FFCBB00650666 /* Extensions.swift */; };
		E83F41932B5FFCD900650666 /* DateInputView.swift in Sources */ = {isa = PBXBuildFile; fileRef = E83F41922B5FFCD900650666 /* DateInputView.swift */; };
		E83F41952B5FFCF600650666 /* InputWithError.swift in Sources */ = {isa = PBXBuildFile; fileRef = E83F41942B5FFCF600650666 /* InputWithError.swift */; };
		E83F41972B5FFD1100650666 /* DatePickerTextField.swift in Sources */ = {isa = PBXBuildFile; fileRef = E83F41962B5FFD1100650666 /* DatePickerTextField.swift */; };
		E83F41992B5FFD3200650666 /* OrangeButton.swift in Sources */ = {isa = PBXBuildFile; fileRef = E83F41982B5FFD3200650666 /* OrangeButton.swift */; };
		E83F419D2B5FFD9C00650666 /* ChildInputViewModel.swift in Sources */ = {isa = PBXBuildFile; fileRef = E83F419C2B5FFD9C00650666 /* ChildInputViewModel.swift */; };
		E83F41A22B60019B00650666 /* UserDefaultsStorage.swift in Sources */ = {isa = PBXBuildFile; fileRef = E83F41A12B60019B00650666 /* UserDefaultsStorage.swift */; };
		E83F41A42B6001A600650666 /* Storage.swift in Sources */ = {isa = PBXBuildFile; fileRef = E83F41A32B6001A600650666 /* Storage.swift */; };
		E83F41A72B6001CB00650666 /* Child.swift in Sources */ = {isa = PBXBuildFile; fileRef = E83F41A62B6001CB00650666 /* Child.swift */; };
		E85C0CF92B5FADB900BABC26 /* BirthdayTestAppSwiftUIApp.swift in Sources */ = {isa = PBXBuildFile; fileRef = E85C0CF82B5FADB900BABC26 /* BirthdayTestAppSwiftUIApp.swift */; };
		E85C0CFB2B5FADB900BABC26 /* ChildInputView.swift in Sources */ = {isa = PBXBuildFile; fileRef = E85C0CFA2B5FADB900BABC26 /* ChildInputView.swift */; };
		E85C0CFD2B5FADBB00BABC26 /* Assets.xcassets in Resources */ = {isa = PBXBuildFile; fileRef = E85C0CFC2B5FADBB00BABC26 /* Assets.xcassets */; };
		E85C0D002B5FADBB00BABC26 /* Preview Assets.xcassets in Resources */ = {isa = PBXBuildFile; fileRef = E85C0CFF2B5FADBB00BABC26 /* Preview Assets.xcassets */; };
/* End PBXBuildFile section */

/* Begin PBXFileReference section */
		E83F41892B5FFC1300650666 /* Theme.swift */ = {isa = PBXFileReference; lastKnownFileType = sourcecode.swift; path = Theme.swift; sourceTree = "<group>"; };
		E83F418B2B5FFC2800650666 /* ThemeManager.swift */ = {isa = PBXFileReference; lastKnownFileType = sourcecode.swift; path = ThemeManager.swift; sourceTree = "<group>"; };
		E83F418E2B5FFC9A00650666 /* NameInputView.swift */ = {isa = PBXFileReference; lastKnownFileType = sourcecode.swift; path = NameInputView.swift; sourceTree = "<group>"; };
		E83F41902B5FFCBB00650666 /* Extensions.swift */ = {isa = PBXFileReference; lastKnownFileType = sourcecode.swift; path = Extensions.swift; sourceTree = "<group>"; };
		E83F41922B5FFCD900650666 /* DateInputView.swift */ = {isa = PBXFileReference; lastKnownFileType = sourcecode.swift; path = DateInputView.swift; sourceTree = "<group>"; };
		E83F41942B5FFCF600650666 /* InputWithError.swift */ = {isa = PBXFileReference; lastKnownFileType = sourcecode.swift; path = InputWithError.swift; sourceTree = "<group>"; };
		E83F41962B5FFD1100650666 /* DatePickerTextField.swift */ = {isa = PBXFileReference; lastKnownFileType = sourcecode.swift; path = DatePickerTextField.swift; sourceTree = "<group>"; };
		E83F41982B5FFD3200650666 /* OrangeButton.swift */ = {isa = PBXFileReference; lastKnownFileType = sourcecode.swift; path = OrangeButton.swift; sourceTree = "<group>"; };
		E83F419C2B5FFD9C00650666 /* ChildInputViewModel.swift */ = {isa = PBXFileReference; lastKnownFileType = sourcecode.swift; path = ChildInputViewModel.swift; sourceTree = "<group>"; };
		E83F41A12B60019B00650666 /* UserDefaultsStorage.swift */ = {isa = PBXFileReference; lastKnownFileType = sourcecode.swift; path = UserDefaultsStorage.swift; sourceTree = "<group>"; };
		E83F41A32B6001A600650666 /* Storage.swift */ = {isa = PBXFileReference; lastKnownFileType = sourcecode.swift; path = Storage.swift; sourceTree = "<group>"; };
		E83F41A62B6001CB00650666 /* Child.swift */ = {isa = PBXFileReference; lastKnownFileType = sourcecode.swift; path = Child.swift; sourceTree = "<group>"; };
		E85C0CF52B5FADB900BABC26 /* BirthdayTestAppSwiftUI.app */ = {isa = PBXFileReference; explicitFileType = wrapper.application; includeInIndex = 0; path = BirthdayTestAppSwiftUI.app; sourceTree = BUILT_PRODUCTS_DIR; };
		E85C0CF82B5FADB900BABC26 /* BirthdayTestAppSwiftUIApp.swift */ = {isa = PBXFileReference; lastKnownFileType = sourcecode.swift; path = BirthdayTestAppSwiftUIApp.swift; sourceTree = "<group>"; };
		E85C0CFA2B5FADB900BABC26 /* ChildInputView.swift */ = {isa = PBXFileReference; lastKnownFileType = sourcecode.swift; path = ChildInputView.swift; sourceTree = "<group>"; };
		E85C0CFC2B5FADBB00BABC26 /* Assets.xcassets */ = {isa = PBXFileReference; lastKnownFileType = folder.assetcatalog; path = Assets.xcassets; sourceTree = "<group>"; };
		E85C0CFF2B5FADBB00BABC26 /* Preview Assets.xcassets */ = {isa = PBXFileReference; lastKnownFileType = folder.assetcatalog; path = "Preview Assets.xcassets"; sourceTree = "<group>"; };
/* End PBXFileReference section */

/* Begin PBXFrameworksBuildPhase section */
		E85C0CF22B5FADB900BABC26 /* Frameworks */ = {
			isa = PBXFrameworksBuildPhase;
			buildActionMask = 2147483647;
			files = (
			);
			runOnlyForDeploymentPostprocessing = 0;
		};
/* End PBXFrameworksBuildPhase section */

/* Begin PBXGroup section */
		E83F418D2B5FFC8900650666 /* Views */ = {
			isa = PBXGroup;
			children = (
				E83F418E2B5FFC9A00650666 /* NameInputView.swift */,
				E83F41922B5FFCD900650666 /* DateInputView.swift */,
				E83F41942B5FFCF600650666 /* InputWithError.swift */,
				E83F41962B5FFD1100650666 /* DatePickerTextField.swift */,
				E83F41982B5FFD3200650666 /* OrangeButton.swift */,
			);
			path = Views;
			sourceTree = "<group>";
		};
		E83F419A2B5FFD5900650666 /* Screens */ = {
			isa = PBXGroup;
			children = (
				E83F419B2B5FFD9000650666 /* ChildInput */,
				E83F418D2B5FFC8900650666 /* Views */,
			);
			path = Screens;
			sourceTree = "<group>";
		};
		E83F419B2B5FFD9000650666 /* ChildInput */ = {
			isa = PBXGroup;
			children = (
				E85C0CFA2B5FADB900BABC26 /* ChildInputView.swift */,
				E83F419C2B5FFD9C00650666 /* ChildInputViewModel.swift */,
			);
			path = ChildInput;
			sourceTree = "<group>";
		};
		E83F419E2B5FFDCE00650666 /* Services */ = {
			isa = PBXGroup;
			children = (
				E83F41A52B6001C200650666 /* Models */,
				E83F41A02B60018E00650666 /* Storage */,
				E83F419F2B5FFDDE00650666 /* Theme */,
				E83F41902B5FFCBB00650666 /* Extensions.swift */,
			);
			path = Services;
			sourceTree = "<group>";
		};
		E83F419F2B5FFDDE00650666 /* Theme */ = {
			isa = PBXGroup;
			children = (
				E83F41892B5FFC1300650666 /* Theme.swift */,
				E83F418B2B5FFC2800650666 /* ThemeManager.swift */,
			);
			path = Theme;
			sourceTree = "<group>";
		};
		E83F41A02B60018E00650666 /* Storage */ = {
			isa = PBXGroup;
			children = (
				E83F41A12B60019B00650666 /* UserDefaultsStorage.swift */,
				E83F41A32B6001A600650666 /* Storage.swift */,
			);
			path = Storage;
			sourceTree = "<group>";
		};
		E83F41A52B6001C200650666 /* Models */ = {
			isa = PBXGroup;
			children = (
				E83F41A62B6001CB00650666 /* Child.swift */,
			);
			path = Models;
			sourceTree = "<group>";
		};
		E85C0CEC2B5FADB900BABC26 = {
			isa = PBXGroup;
			children = (
				E85C0CF72B5FADB900BABC26 /* BirthdayTestAppSwiftUI */,
				E85C0CF62B5FADB900BABC26 /* Products */,
			);
			sourceTree = "<group>";
		};
		E85C0CF62B5FADB900BABC26 /* Products */ = {
			isa = PBXGroup;
			children = (
				E85C0CF52B5FADB900BABC26 /* BirthdayTestAppSwiftUI.app */,
			);
			name = Products;
			sourceTree = "<group>";
		};
		E85C0CF72B5FADB900BABC26 /* BirthdayTestAppSwiftUI */ = {
			isa = PBXGroup;
			children = (
				E85C0CF82B5FADB900BABC26 /* BirthdayTestAppSwiftUIApp.swift */,
				E83F419A2B5FFD5900650666 /* Screens */,
				E83F419E2B5FFDCE00650666 /* Services */,
				E85C0CFC2B5FADBB00BABC26 /* Assets.xcassets */,
				E85C0CFE2B5FADBB00BABC26 /* Preview Content */,
			);
			path = BirthdayTestAppSwiftUI;
			sourceTree = "<group>";
		};
		E85C0CFE2B5FADBB00BABC26 /* Preview Content */ = {
			isa = PBXGroup;
			children = (
				E85C0CFF2B5FADBB00BABC26 /* Preview Assets.xcassets */,
			);
			path = "Preview Content";
			sourceTree = "<group>";
		};
/* End PBXGroup section */

/* Begin PBXNativeTarget section */
		E85C0CF42B5FADB900BABC26 /* BirthdayTestAppSwiftUI */ = {
			isa = PBXNativeTarget;
			buildConfigurationList = E85C0D032B5FADBB00BABC26 /* Build configuration list for PBXNativeTarget "BirthdayTestAppSwiftUI" */;
			buildPhases = (
				E85C0CF12B5FADB900BABC26 /* Sources */,
				E85C0CF22B5FADB900BABC26 /* Frameworks */,
				E85C0CF32B5FADB900BABC26 /* Resources */,
			);
			buildRules = (
			);
			dependencies = (
			);
			name = BirthdayTestAppSwiftUI;
			productName = BirthdayTestAppSwiftUI;
			productReference = E85C0CF52B5FADB900BABC26 /* BirthdayTestAppSwiftUI.app */;
			productType = "com.apple.product-type.application";
		};
/* End PBXNativeTarget section */

/* Begin PBXProject section */
		E85C0CED2B5FADB900BABC26 /* Project object */ = {
			isa = PBXProject;
			attributes = {
				BuildIndependentTargetsInParallel = 1;
				LastSwiftUpdateCheck = 1510;
				LastUpgradeCheck = 1510;
				TargetAttributes = {
					E85C0CF42B5FADB900BABC26 = {
						CreatedOnToolsVersion = 15.1;
					};
				};
			};
			buildConfigurationList = E85C0CF02B5FADB900BABC26 /* Build configuration list for PBXProject "BirthdayTestAppSwiftUI" */;
			compatibilityVersion = "Xcode 14.0";
			developmentRegion = en;
			hasScannedForEncodings = 0;
			knownRegions = (
				en,
				Base,
			);
			mainGroup = E85C0CEC2B5FADB900BABC26;
			productRefGroup = E85C0CF62B5FADB900BABC26 /* Products */;
			projectDirPath = "";
			projectRoot = "";
			targets = (
				E85C0CF42B5FADB900BABC26 /* BirthdayTestAppSwiftUI */,
			);
		};
/* End PBXProject section */

/* Begin PBXResourcesBuildPhase section */
		E85C0CF32B5FADB900BABC26 /* Resources */ = {
			isa = PBXResourcesBuildPhase;
			buildActionMask = 2147483647;
			files = (
				E85C0D002B5FADBB00BABC26 /* Preview Assets.xcassets in Resources */,
				E85C0CFD2B5FADBB00BABC26 /* Assets.xcassets in Resources */,
			);
			runOnlyForDeploymentPostprocessing = 0;
		};
/* End PBXResourcesBuildPhase section */

/* Begin PBXSourcesBuildPhase section */
		E85C0CF12B5FADB900BABC26 /* Sources */ = {
			isa = PBXSourcesBuildPhase;
			buildActionMask = 2147483647;
			files = (
				E85C0CFB2B5FADB900BABC26 /* ChildInputView.swift in Sources */,
				E83F41972B5FFD1100650666 /* DatePickerTextField.swift in Sources */,
				E83F418A2B5FFC1300650666 /* Theme.swift in Sources */,
				E83F418F2B5FFC9A00650666 /* NameInputView.swift in Sources */,
				E83F41A22B60019B00650666 /* UserDefaultsStorage.swift in Sources */,
				E83F418C2B5FFC2800650666 /* ThemeManager.swift in Sources */,
				E85C0CF92B5FADB900BABC26 /* BirthdayTestAppSwiftUIApp.swift in Sources */,
				E83F41952B5FFCF600650666 /* InputWithError.swift in Sources */,
				E83F41992B5FFD3200650666 /* OrangeButton.swift in Sources */,
				E83F419D2B5FFD9C00650666 /* ChildInputViewModel.swift in Sources */,
				E83F41912B5FFCBB00650666 /* Extensions.swift in Sources */,
				E83F41932B5FFCD900650666 /* DateInputView.swift in Sources */,
				E83F41A72B6001CB00650666 /* Child.swift in Sources */,
				E83F41A42B6001A600650666 /* Storage.swift in Sources */,
			);
			runOnlyForDeploymentPostprocessing = 0;
		};
/* End PBXSourcesBuildPhase section */

/* Begin XCBuildConfiguration section */
		E85C0D012B5FADBB00BABC26 /* Debug */ = {
			isa = XCBuildConfiguration;
			buildSettings = {
				ALWAYS_SEARCH_USER_PATHS = NO;
				ASSETCATALOG_COMPILER_GENERATE_SWIFT_ASSET_SYMBOL_EXTENSIONS = YES;
				CLANG_ANALYZER_NONNULL = YES;
				CLANG_ANALYZER_NUMBER_OBJECT_CONVERSION = YES_AGGRESSIVE;
				CLANG_CXX_LANGUAGE_STANDARD = "gnu++20";
				CLANG_ENABLE_MODULES = YES;
				CLANG_ENABLE_OBJC_ARC = YES;
				CLANG_ENABLE_OBJC_WEAK = YES;
				CLANG_WARN_BLOCK_CAPTURE_AUTORELEASING = YES;
				CLANG_WARN_BOOL_CONVERSION = YES;
				CLANG_WARN_COMMA = YES;
				CLANG_WARN_CONSTANT_CONVERSION = YES;
				CLANG_WARN_DEPRECATED_OBJC_IMPLEMENTATIONS = YES;
				CLANG_WARN_DIRECT_OBJC_ISA_USAGE = YES_ERROR;
				CLANG_WARN_DOCUMENTATION_COMMENTS = YES;
				CLANG_WARN_EMPTY_BODY = YES;
				CLANG_WARN_ENUM_CONVERSION = YES;
				CLANG_WARN_INFINITE_RECURSION = YES;
				CLANG_WARN_INT_CONVERSION = YES;
				CLANG_WARN_NON_LITERAL_NULL_CONVERSION = YES;
				CLANG_WARN_OBJC_IMPLICIT_RETAIN_SELF = YES;
				CLANG_WARN_OBJC_LITERAL_CONVERSION = YES;
				CLANG_WARN_OBJC_ROOT_CLASS = YES_ERROR;
				CLANG_WARN_QUOTED_INCLUDE_IN_FRAMEWORK_HEADER = YES;
				CLANG_WARN_RANGE_LOOP_ANALYSIS = YES;
				CLANG_WARN_STRICT_PROTOTYPES = YES;
				CLANG_WARN_SUSPICIOUS_MOVE = YES;
				CLANG_WARN_UNGUARDED_AVAILABILITY = YES_AGGRESSIVE;
				CLANG_WARN_UNREACHABLE_CODE = YES;
				CLANG_WARN__DUPLICATE_METHOD_MATCH = YES;
				COPY_PHASE_STRIP = NO;
				DEBUG_INFORMATION_FORMAT = dwarf;
				ENABLE_STRICT_OBJC_MSGSEND = YES;
				ENABLE_TESTABILITY = YES;
				ENABLE_USER_SCRIPT_SANDBOXING = YES;
				GCC_C_LANGUAGE_STANDARD = gnu17;
				GCC_DYNAMIC_NO_PIC = NO;
				GCC_NO_COMMON_BLOCKS = YES;
				GCC_OPTIMIZATION_LEVEL = 0;
				GCC_PREPROCESSOR_DEFINITIONS = (
					"DEBUG=1",
					"$(inherited)",
				);
				GCC_WARN_64_TO_32_BIT_CONVERSION = YES;
				GCC_WARN_ABOUT_RETURN_TYPE = YES_ERROR;
				GCC_WARN_UNDECLARED_SELECTOR = YES;
				GCC_WARN_UNINITIALIZED_AUTOS = YES_AGGRESSIVE;
				GCC_WARN_UNUSED_FUNCTION = YES;
				GCC_WARN_UNUSED_VARIABLE = YES;
				IPHONEOS_DEPLOYMENT_TARGET = 17.2;
				LOCALIZATION_PREFERS_STRING_CATALOGS = YES;
				MTL_ENABLE_DEBUG_INFO = INCLUDE_SOURCE;
				MTL_FAST_MATH = YES;
				ONLY_ACTIVE_ARCH = YES;
				SDKROOT = iphoneos;
				SWIFT_ACTIVE_COMPILATION_CONDITIONS = "DEBUG $(inherited)";
				SWIFT_OPTIMIZATION_LEVEL = "-Onone";
			};
			name = Debug;
		};
		E85C0D022B5FADBB00BABC26 /* Release */ = {
			isa = XCBuildConfiguration;
			buildSettings = {
				ALWAYS_SEARCH_USER_PATHS = NO;
				ASSETCATALOG_COMPILER_GENERATE_SWIFT_ASSET_SYMBOL_EXTENSIONS = YES;
				CLANG_ANALYZER_NONNULL = YES;
				CLANG_ANALYZER_NUMBER_OBJECT_CONVERSION = YES_AGGRESSIVE;
				CLANG_CXX_LANGUAGE_STANDARD = "gnu++20";
				CLANG_ENABLE_MODULES = YES;
				CLANG_ENABLE_OBJC_ARC = YES;
				CLANG_ENABLE_OBJC_WEAK = YES;
				CLANG_WARN_BLOCK_CAPTURE_AUTORELEASING = YES;
				CLANG_WARN_BOOL_CONVERSION = YES;
				CLANG_WARN_COMMA = YES;
				CLANG_WARN_CONSTANT_CONVERSION = YES;
				CLANG_WARN_DEPRECATED_OBJC_IMPLEMENTATIONS = YES;
				CLANG_WARN_DIRECT_OBJC_ISA_USAGE = YES_ERROR;
				CLANG_WARN_DOCUMENTATION_COMMENTS = YES;
				CLANG_WARN_EMPTY_BODY = YES;
				CLANG_WARN_ENUM_CONVERSION = YES;
				CLANG_WARN_INFINITE_RECURSION = YES;
				CLANG_WARN_INT_CONVERSION = YES;
				CLANG_WARN_NON_LITERAL_NULL_CONVERSION = YES;
				CLANG_WARN_OBJC_IMPLICIT_RETAIN_SELF = YES;
				CLANG_WARN_OBJC_LITERAL_CONVERSION = YES;
				CLANG_WARN_OBJC_ROOT_CLASS = YES_ERROR;
				CLANG_WARN_QUOTED_INCLUDE_IN_FRAMEWORK_HEADER = YES;
				CLANG_WARN_RANGE_LOOP_ANALYSIS = YES;
				CLANG_WARN_STRICT_PROTOTYPES = YES;
				CLANG_WARN_SUSPICIOUS_MOVE = YES;
				CLANG_WARN_UNGUARDED_AVAILABILITY = YES_AGGRESSIVE;
				CLANG_WARN_UNREACHABLE_CODE = YES;
				CLANG_WARN__DUPLICATE_METHOD_MATCH = YES;
				COPY_PHASE_STRIP = NO;
				DEBUG_INFORMATION_FORMAT = "dwarf-with-dsym";
				ENABLE_NS_ASSERTIONS = NO;
				ENABLE_STRICT_OBJC_MSGSEND = YES;
				ENABLE_USER_SCRIPT_SANDBOXING = YES;
				GCC_C_LANGUAGE_STANDARD = gnu17;
				GCC_NO_COMMON_BLOCKS = YES;
				GCC_WARN_64_TO_32_BIT_CONVERSION = YES;
				GCC_WARN_ABOUT_RETURN_TYPE = YES_ERROR;
				GCC_WARN_UNDECLARED_SELECTOR = YES;
				GCC_WARN_UNINITIALIZED_AUTOS = YES_AGGRESSIVE;
				GCC_WARN_UNUSED_FUNCTION = YES;
				GCC_WARN_UNUSED_VARIABLE = YES;
				IPHONEOS_DEPLOYMENT_TARGET = 17.2;
				LOCALIZATION_PREFERS_STRING_CATALOGS = YES;
				MTL_ENABLE_DEBUG_INFO = NO;
				MTL_FAST_MATH = YES;
				SDKROOT = iphoneos;
				SWIFT_COMPILATION_MODE = wholemodule;
				VALIDATE_PRODUCT = YES;
			};
			name = Release;
		};
		E85C0D042B5FADBB00BABC26 /* Debug */ = {
			isa = XCBuildConfiguration;
			buildSettings = {
				ASSETCATALOG_COMPILER_APPICON_NAME = AppIcon;
				ASSETCATALOG_COMPILER_GLOBAL_ACCENT_COLOR_NAME = AccentColor;
				CODE_SIGN_STYLE = Automatic;
				CURRENT_PROJECT_VERSION = 1;
				DEVELOPMENT_ASSET_PATHS = "\"BirthdayTestAppSwiftUI/Preview Content\"";
				ENABLE_PREVIEWS = YES;
				GENERATE_INFOPLIST_FILE = YES;
				INFOPLIST_KEY_UIApplicationSceneManifest_Generation = YES;
				INFOPLIST_KEY_UIApplicationSupportsIndirectInputEvents = YES;
				INFOPLIST_KEY_UILaunchScreen_Generation = YES;
				INFOPLIST_KEY_UISupportedInterfaceOrientations_iPad = "UIInterfaceOrientationPortrait UIInterfaceOrientationPortraitUpsideDown UIInterfaceOrientationLandscapeLeft UIInterfaceOrientationLandscapeRight";
				INFOPLIST_KEY_UISupportedInterfaceOrientations_iPhone = "UIInterfaceOrientationPortrait UIInterfaceOrientationLandscapeLeft UIInterfaceOrientationLandscapeRight";
				LD_RUNPATH_SEARCH_PATHS = (
					"$(inherited)",
					"@executable_path/Frameworks",
				);
				MARKETING_VERSION = 1.0;
				PRODUCT_BUNDLE_IDENTIFIER = bondar.sdk.BirthdayTestAppSwiftUI;
				PRODUCT_NAME = "$(TARGET_NAME)";
				SWIFT_EMIT_LOC_STRINGS = YES;
				SWIFT_VERSION = 5.0;
				TARGETED_DEVICE_FAMILY = "1,2";
			};
			name = Debug;
		};
		E85C0D052B5FADBB00BABC26 /* Release */ = {
			isa = XCBuildConfiguration;
			buildSettings = {
				ASSETCATALOG_COMPILER_APPICON_NAME = AppIcon;
				ASSETCATALOG_COMPILER_GLOBAL_ACCENT_COLOR_NAME = AccentColor;
				CODE_SIGN_STYLE = Automatic;
				CURRENT_PROJECT_VERSION = 1;
				DEVELOPMENT_ASSET_PATHS = "\"BirthdayTestAppSwiftUI/Preview Content\"";
				ENABLE_PREVIEWS = YES;
				GENERATE_INFOPLIST_FILE = YES;
				INFOPLIST_KEY_UIApplicationSceneManifest_Generation = YES;
				INFOPLIST_KEY_UIApplicationSupportsIndirectInputEvents = YES;
				INFOPLIST_KEY_UILaunchScreen_Generation = YES;
				INFOPLIST_KEY_UISupportedInterfaceOrientations_iPad = "UIInterfaceOrientationPortrait UIInterfaceOrientationPortraitUpsideDown UIInterfaceOrientationLandscapeLeft UIInterfaceOrientationLandscapeRight";
				INFOPLIST_KEY_UISupportedInterfaceOrientations_iPhone = "UIInterfaceOrientationPortrait UIInterfaceOrientationLandscapeLeft UIInterfaceOrientationLandscapeRight";
				LD_RUNPATH_SEARCH_PATHS = (
					"$(inherited)",
					"@executable_path/Frameworks",
				);
				MARKETING_VERSION = 1.0;
				PRODUCT_BUNDLE_IDENTIFIER = bondar.sdk.BirthdayTestAppSwiftUI;
				PRODUCT_NAME = "$(TARGET_NAME)";
				SWIFT_EMIT_LOC_STRINGS = YES;
				SWIFT_VERSION = 5.0;
				TARGETED_DEVICE_FAMILY = "1,2";
			};
			name = Release;
		};
/* End XCBuildConfiguration section */

/* Begin XCConfigurationList section */
		E85C0CF02B5FADB900BABC26 /* Build configuration list for PBXProject "BirthdayTestAppSwiftUI" */ = {
			isa = XCConfigurationList;
			buildConfigurations = (
				E85C0D012B5FADBB00BABC26 /* Debug */,
				E85C0D022B5FADBB00BABC26 /* Release */,
			);
			defaultConfigurationIsVisible = 0;
			defaultConfigurationName = Release;
		};
		E85C0D032B5FADBB00BABC26 /* Build configuration list for PBXNativeTarget "BirthdayTestAppSwiftUI" */ = {
			isa = XCConfigurationList;
			buildConfigurations = (
				E85C0D042B5FADBB00BABC26 /* Debug */,
				E85C0D052B5FADBB00BABC26 /* Release */,
			);
			defaultConfigurationIsVisible = 0;
			defaultConfigurationName = Release;
		};
/* End XCConfigurationList section */
	};
	rootObject = E85C0CED2B5FADB900BABC26 /* Project object */;
}
